
Microsoft Visual Studio Solution File, Format Version 12.00
# Visual Studio 2013
VisualStudioVersion = 12.0.31101.0
MinimumVisualStudioVersion = 10.0.40219.1
Project("{2150E333-8FDC-42A3-9474-1A3956D46DE8}") = "01.Helpers", "01.Helpers", "{1464EC18-0EAC-4DA2-97CC-7E72E8D88924}"
EndProject
Project("{FAE04EC0-301F-11D3-BF4B-00C04F79EFBC}") = "PPM.Dto", "PPM.Dto\PPM.Dto.csproj", "{AAB08162-0470-4E92-A91B-B22F4F3BA6EA}"
EndProject
Project("{2150E333-8FDC-42A3-9474-1A3956D46DE8}") = "02.DataLayer", "02.DataLayer", "{048CC56D-05F9-43A9-9E12-1585226F7732}"
EndProject
Project("{FAE04EC0-301F-11D3-BF4B-00C04F79EFBC}") = "PPM.DataLayer", "PPM.DataLayer\PPM.DataLayer.csproj", "{AFA4003C-0B27-4E5D-9FC9-31B11BE20F37}"
EndProject
Project("{FAE04EC0-301F-11D3-BF4B-00C04F79EFBC}") = "PPM.DataLayer.Interfaces", "PPM.DataLayer.Interfaces\PPM.DataLayer.Interfaces.csproj", "{FE031523-6D3F-4EFF-B71B-83DC044E84BB}"
EndProject
Project("{2150E333-8FDC-42A3-9474-1A3956D46DE8}") = "03.ServiceLayer", "03.ServiceLayer", "{86CD2093-2E2E-43DB-B916-87518E32EA30}"
EndProject
Project("{FAE04EC0-301F-11D3-BF4B-00C04F79EFBC}") = "PPM.Service", "PPM.Service\PPM.Service.csproj", "{EC4F7342-8450-4CAB-A105-582CBB55E55E}"
EndProject
Project("{FAE04EC0-301F-11D3-BF4B-00C04F79EFBC}") = "PPM.ServiceInterfaces", "PPM.ServiceInterfaces\PPM.ServiceInterfaces.csproj", "{58B0059B-BFB5-4DAC-82BD-EB131D03976A}"
EndProject
Project("{FAE04EC0-301F-11D3-BF4B-00C04F79EFBC}") = "PPM.DependencyInjection", "PPM.DependencyInjection\PPM.DependencyInjection.csproj", "{FEEB3456-D89C-41DF-BA80-0B755CFC4022}"
EndProject
Project("{2150E333-8FDC-42A3-9474-1A3956D46DE8}") = "04.Website", "04.Website", "{1D65C27C-0159-476E-9283-30B173D611BE}"
EndProject
Project("{FAE04EC0-301F-11D3-BF4B-00C04F79EFBC}") = "PPMWebApplication", "PPMWebApplication\PPMWebApplication.csproj", "{56313973-44D7-4753-9F9C-5A8A62501D49}"
EndProject
Global
	GlobalSection(SolutionConfigurationPlatforms) = preSolution
		Debug|Any CPU = Debug|Any CPU
		Release|Any CPU = Release|Any CPU
	EndGlobalSection
	GlobalSection(ProjectConfigurationPlatforms) = postSolution
		{AAB08162-0470-4E92-A91B-B22F4F3BA6EA}.Debug|Any CPU.ActiveCfg = Debug|Any CPU
		{AAB08162-0470-4E92-A91B-B22F4F3BA6EA}.Debug|Any CPU.Build.0 = Debug|Any CPU
		{AAB08162-0470-4E92-A91B-B22F4F3BA6EA}.Release|Any CPU.ActiveCfg = Release|Any CPU
		{AAB08162-0470-4E92-A91B-B22F4F3BA6EA}.Release|Any CPU.Build.0 = Release|Any CPU
		{AFA4003C-0B27-4E5D-9FC9-31B11BE20F37}.Debug|Any CPU.ActiveCfg = Debug|Any CPU
		{AFA4003C-0B27-4E5D-9FC9-31B11BE20F37}.Debug|Any CPU.Build.0 = Debug|Any CPU
		{AFA4003C-0B27-4E5D-9FC9-31B11BE20F37}.Release|Any CPU.ActiveCfg = Release|Any CPU
		{AFA4003C-0B27-4E5D-9FC9-31B11BE20F37}.Release|Any CPU.Build.0 = Release|Any CPU
		{FE031523-6D3F-4EFF-B71B-83DC044E84BB}.Debug|Any CPU.ActiveCfg = Debug|Any CPU
		{FE031523-6D3F-4EFF-B71B-83DC044E84BB}.Debug|Any CPU.Build.0 = Debug|Any CPU
		{FE031523-6D3F-4EFF-B71B-83DC044E84BB}.Release|Any CPU.ActiveCfg = Release|Any CPU
		{FE031523-6D3F-4EFF-B71B-83DC044E84BB}.Release|Any CPU.Build.0 = Release|Any CPU
		{EC4F7342-8450-4CAB-A105-582CBB55E55E}.Debug|Any CPU.ActiveCfg = Debug|Any CPU
		{EC4F7342-8450-4CAB-A105-582CBB55E55E}.Debug|Any CPU.Build.0 = Debug|Any CPU
		{EC4F7342-8450-4CAB-A105-582CBB55E55E}.Release|Any CPU.ActiveCfg = Release|Any CPU
		{EC4F7342-8450-4CAB-A105-582CBB55E55E}.Release|Any CPU.Build.0 = Release|Any CPU
		{58B0059B-BFB5-4DAC-82BD-EB131D03976A}.Debug|Any CPU.ActiveCfg = Debug|Any CPU
		{58B0059B-BFB5-4DAC-82BD-EB131D03976A}.Debug|Any CPU.Build.0 = Debug|Any CPU
		{58B0059B-BFB5-4DAC-82BD-EB131D03976A}.Release|Any CPU.ActiveCfg = Release|Any CPU
		{58B0059B-BFB5-4DAC-82BD-EB131D03976A}.Release|Any CPU.Build.0 = Release|Any CPU
		{FEEB3456-D89C-41DF-BA80-0B755CFC4022}.Debug|Any CPU.ActiveCfg = Debug|Any CPU
		{FEEB3456-D89C-41DF-BA80-0B755CFC4022}.Debug|Any CPU.Build.0 = Debug|Any CPU
		{FEEB3456-D89C-41DF-BA80-0B755CFC4022}.Release|Any CPU.ActiveCfg = Release|Any CPU
		{FEEB3456-D89C-41DF-BA80-0B755CFC4022}.Release|Any CPU.Build.0 = Release|Any CPU
		{56313973-44D7-4753-9F9C-5A8A62501D49}.Debug|Any CPU.ActiveCfg = Debug|Any CPU
		{56313973-44D7-4753-9F9C-5A8A62501D49}.Debug|Any CPU.Build.0 = Debug|Any CPU
		{56313973-44D7-4753-9F9C-5A8A62501D49}.Release|Any CPU.ActiveCfg = Release|Any CPU
		{56313973-44D7-4753-9F9C-5A8A62501D49}.Release|Any CPU.Build.0 = Release|Any CPU
	EndGlobalSection
	GlobalSection(SolutionProperties) = preSolution
		HideSolutionNode = FALSE
	EndGlobalSection
	GlobalSection(NestedProjects) = preSolution
		{AAB08162-0470-4E92-A91B-B22F4F3BA6EA} = {1464EC18-0EAC-4DA2-97CC-7E72E8D88924}
		{AFA4003C-0B27-4E5D-9FC9-31B11BE20F37} = {048CC56D-05F9-43A9-9E12-1585226F7732}
		{FE031523-6D3F-4EFF-B71B-83DC044E84BB} = {048CC56D-05F9-43A9-9E12-1585226F7732}
		{EC4F7342-8450-4CAB-A105-582CBB55E55E} = {86CD2093-2E2E-43DB-B916-87518E32EA30}
		{58B0059B-BFB5-4DAC-82BD-EB131D03976A} = {86CD2093-2E2E-43DB-B916-87518E32EA30}
		{FEEB3456-D89C-41DF-BA80-0B755CFC4022} = {1464EC18-0EAC-4DA2-97CC-7E72E8D88924}
		{56313973-44D7-4753-9F9C-5A8A62501D49} = {1D65C27C-0159-476E-9283-30B173D611BE}
	EndGlobalSection
EndGlobal
